
Microsoft Visual Studio Solution File, Format Version 12.00
# Visual Studio Version 16
VisualStudioVersion = 16.0.30503.244
MinimumVisualStudioVersion = 10.0.40219.1
Project("{9A19103F-16F7-4668-BE54-9A1E7A4F7556}") = "RaceSimulatorConsole", "RaceSimulatorConsole\RaceSimulatorConsole.csproj", "{AD0DC253-6386-455D-938D-9A723BEB8D4A}"
EndProject
Project("{9A19103F-16F7-4668-BE54-9A1E7A4F7556}") = "Model", "Model\Model.csproj", "{1F234AC6-6A09-4FA9-A32F-6A1D4C10B802}"
EndProject
Project("{9A19103F-16F7-4668-BE54-9A1E7A4F7556}") = "Controller", "Controller\Controller.csproj", "{BAC35DD9-853A-4127-A6B5-C76A4EB26F8D}"
EndProject
Project("{9A19103F-16F7-4668-BE54-9A1E7A4F7556}") = "Tests", "Tests\Tests.csproj", "{72A15F2D-B649-4786-AFFA-A947235758A1}"
EndProject
Project("{FAE04EC0-301F-11D3-BF4B-00C04F79EFBC}") = "RaceSimulatorGUI", "RaceSimulatorGUI\RaceSimulatorGUI.csproj", "{16D7427A-1319-46AD-894A-CB2EA7844905}"
EndProject
Global
	GlobalSection(SolutionConfigurationPlatforms) = preSolution
		Debug|Any CPU = Debug|Any CPU
		Release|Any CPU = Release|Any CPU
	EndGlobalSection
	GlobalSection(ProjectConfigurationPlatforms) = postSolution
		{AD0DC253-6386-455D-938D-9A723BEB8D4A}.Debug|Any CPU.ActiveCfg = Debug|Any CPU
		{AD0DC253-6386-455D-938D-9A723BEB8D4A}.Debug|Any CPU.Build.0 = Debug|Any CPU
		{AD0DC253-6386-455D-938D-9A723BEB8D4A}.Release|Any CPU.ActiveCfg = Release|Any CPU
		{AD0DC253-6386-455D-938D-9A723BEB8D4A}.Release|Any CPU.Build.0 = Release|Any CPU
		{1F234AC6-6A09-4FA9-A32F-6A1D4C10B802}.Debug|Any CPU.ActiveCfg = Debug|Any CPU
		{1F234AC6-6A09-4FA9-A32F-6A1D4C10B802}.Debug|Any CPU.Build.0 = Debug|Any CPU
		{1F234AC6-6A09-4FA9-A32F-6A1D4C10B802}.Release|Any CPU.ActiveCfg = Release|Any CPU
		{1F234AC6-6A09-4FA9-A32F-6A1D4C10B802}.Release|Any CPU.Build.0 = Release|Any CPU
		{BAC35DD9-853A-4127-A6B5-C76A4EB26F8D}.Debug|Any CPU.ActiveCfg = Debug|Any CPU
		{BAC35DD9-853A-4127-A6B5-C76A4EB26F8D}.Debug|Any CPU.Build.0 = Debug|Any CPU
		{BAC35DD9-853A-4127-A6B5-C76A4EB26F8D}.Release|Any CPU.ActiveCfg = Release|Any CPU
		{BAC35DD9-853A-4127-A6B5-C76A4EB26F8D}.Release|Any CPU.Build.0 = Release|Any CPU
		{72A15F2D-B649-4786-AFFA-A947235758A1}.Debug|Any CPU.ActiveCfg = Debug|Any CPU
		{72A15F2D-B649-4786-AFFA-A947235758A1}.Debug|Any CPU.Build.0 = Debug|Any CPU
		{72A15F2D-B649-4786-AFFA-A947235758A1}.Release|Any CPU.ActiveCfg = Release|Any CPU
		{72A15F2D-B649-4786-AFFA-A947235758A1}.Release|Any CPU.Build.0 = Release|Any CPU
		{16D7427A-1319-46AD-894A-CB2EA7844905}.Debug|Any CPU.ActiveCfg = Debug|Any CPU
		{16D7427A-1319-46AD-894A-CB2EA7844905}.Debug|Any CPU.Build.0 = Debug|Any CPU
		{16D7427A-1319-46AD-894A-CB2EA7844905}.Release|Any CPU.ActiveCfg = Release|Any CPU
		{16D7427A-1319-46AD-894A-CB2EA7844905}.Release|Any CPU.Build.0 = Release|Any CPU
	EndGlobalSection
	GlobalSection(SolutionProperties) = preSolution
		HideSolutionNode = FALSE
	EndGlobalSection
	GlobalSection(ExtensibilityGlobals) = postSolution
		SolutionGuid = {CDD408F8-802F-4966-A342-390B2D8C4FCE}
	EndGlobalSection
EndGlobal
